Microsoft Visual Studio Solution File, Format Version 12.00
# Visual Studio Version 17
VisualStudioVersion = 17.5.2.0
MinimumVisualStudioVersion = 10.0.40219.1
Project("{FAE04EC0-301F-11D3-BF4B-00C04F79EFBC}") = "TextCellPlugins", "TextCellPlugins.csproj", "{64C5DDF7-0903-CB9A-F3C3-046312AD45CA}"
EndProject
Global
	GlobalSection(SolutionConfigurationPlatforms) = preSolution
		Debug|Any CPU = Debug|Any CPU
		Release|Any CPU = Release|Any CPU
	EndGlobalSection
	GlobalSection(ProjectConfigurationPlatforms) = postSolution
		{64C5DDF7-0903-CB9A-F3C3-046312AD45CA}.Debug|Any CPU.ActiveCfg = Debug|Any CPU
		{64C5DDF7-0903-CB9A-F3C3-046312AD45CA}.Debug|Any CPU.Build.0 = Debug|Any CPU
		{64C5DDF7-0903-CB9A-F3C3-046312AD45CA}.Release|Any CPU.ActiveCfg = Release|Any CPU
		{64C5DDF7-0903-CB9A-F3C3-046312AD45CA}.Release|Any CPU.Build.0 = Release|Any CPU
	EndGlobalSection
	GlobalSection(SolutionProperties) = preSolution
		HideSolutionNode = FALSE
	EndGlobalSection
	GlobalSection(ExtensibilityGlobals) = postSolution
		SolutionGuid = {8B1F89D0-78F9-4E9C-805C-5F2C313491E1}
	EndGlobalSection
EndGlobal
